<?xml version="1.0" encoding="utf-8"?>
<Project ToolsVersion="4.0" xmlns="http://schemas.microsoft.com/developer/msbuild/2003">
  <ItemGroup>
    <Filter Include="소스 파일">
      <UniqueIdentifier>{4FC737F1-C7A5-4376-A066-2A32D752A2FF}</UniqueIdentifier>
      <Extensions>cpp;c;cc;cxx;c++;cppm;ixx;def;odl;idl;hpj;bat;asm;asmx</Extensions>
    </Filter>
    <Filter Include="헤더 파일">
      <UniqueIdentifier>{93995380-89BD-4b04-88EB-625FBE52EBFB}</UniqueIdentifier>
      <Extensions>h;hh;hpp;hxx;h++;hm;inl;inc;ipp;xsd</Extensions>
    </Filter>
    <Filter Include="리소스 파일">
      <UniqueIdentifier>{67DA6AB6-F800-4c08-8B7A-83BB121AAD01}</UniqueIdentifier>
      <Extensions>rc;ico;cur;bmp;dlg;rc2;rct;bin;rgs;gif;jpg;jpeg;jpe;resx;tiff;tif;png;wav;mfcribbon-ms</Extensions>
    </Filter>
    <Filter Include="System">
      <UniqueIdentifier>{646464a4-c2a5-482c-8652-50f94630c608}</UniqueIdentifier>
    </Filter>
    <Filter Include="System\Keyboard">
      <UniqueIdentifier>{4b7f70fb-8d7a-4615-86f7-e93acaf87406}</UniqueIdentifier>
    </Filter>
    <Filter Include="System\Mouse">
      <UniqueIdentifier>{50352bf0-533a-4abe-9016-83e8a29e64fe}</UniqueIdentifier>
    </Filter>
    <Filter Include="System\Graphics">
      <UniqueIdentifier>{d2dac79e-81cb-4468-b5bc-f06127f32822}</UniqueIdentifier>
    </Filter>
  </ItemGroup>
  <ItemGroup>
    <ClCompile Include="Main.cpp">
      <Filter>소스 파일</Filter>
    </ClCompile>
    <ClCompile Include="StringConverter.cpp">
      <Filter>소스 파일</Filter>
    </ClCompile>
    <ClCompile Include="ErrorLogger.cpp">
      <Filter>소스 파일</Filter>
    </ClCompile>
    <ClCompile Include="stdafx.cpp">
      <Filter>소스 파일</Filter>
    </ClCompile>
    <ClCompile Include="RenderWindow.cpp">
      <Filter>소스 파일</Filter>
    </ClCompile>
    <ClCompile Include="Engine.cpp">
      <Filter>소스 파일</Filter>
    </ClCompile>
    <ClCompile Include="WindowContainer.cpp">
      <Filter>소스 파일</Filter>
    </ClCompile>
    <ClCompile Include="Systems\Keyboard\KeyboardEvent.cpp">
      <Filter>System\Keyboard</Filter>
    </ClCompile>
    <ClCompile Include="Systems\Mouse\Mouse.cpp">
      <Filter>System\Mouse</Filter>
    </ClCompile>
    <ClCompile Include="Systems\Mouse\MouseEvent.cpp">
      <Filter>System\Mouse</Filter>
    </ClCompile>
    <ClCompile Include="Systems\Keyboard\Keyboard.cpp">
      <Filter>System\Keyboard</Filter>
    </ClCompile>
    <ClCompile Include="Systems\Graphics\Graphics.cpp">
      <Filter>System\Graphics</Filter>
    </ClCompile>
    <ClCompile Include="Systems\Graphics\AdapterReader.cpp">
      <Filter>System\Graphics</Filter>
    </ClCompile>
    <ClCompile Include="Systems\Graphics\Vertex.cpp">
      <Filter>System\Graphics</Filter>
    </ClCompile>
    <ClCompile Include="Systems\Graphics\Shaders.cpp">
      <Filter>System\Graphics</Filter>
    </ClCompile>
  </ItemGroup>
  <ItemGroup>
    <ClInclude Include="StringConverter.h">
      <Filter>헤더 파일</Filter>
    </ClInclude>
    <ClInclude Include="ErrorLogger.h">
      <Filter>헤더 파일</Filter>
    </ClInclude>
    <ClInclude Include="stdafx.h">
      <Filter>헤더 파일</Filter>
    </ClInclude>
    <ClInclude Include="RenderWindow.h">
      <Filter>헤더 파일</Filter>
    </ClInclude>
    <ClInclude Include="Engine.h">
      <Filter>헤더 파일</Filter>
    </ClInclude>
    <ClInclude Include="WindowContainer.h">
      <Filter>헤더 파일</Filter>
    </ClInclude>
    <ClInclude Include="Systems\Keyboard\KeyboardEvent.h">
      <Filter>System\Keyboard</Filter>
    </ClInclude>
    <ClInclude Include="Systems\Mouse\Mouse.h">
      <Filter>System\Mouse</Filter>
    </ClInclude>
    <ClInclude Include="Systems\Mouse\MouseEvent.h">
      <Filter>System\Mouse</Filter>
    </ClInclude>
    <ClInclude Include="Systems\Keyboard\Keyboard.h">
      <Filter>System\Keyboard</Filter>
    </ClInclude>
    <ClInclude Include="Systems\Graphics\Graphics.h">
      <Filter>System\Graphics</Filter>
    </ClInclude>
    <ClInclude Include="Systems\Graphics\AdapterReader.h">
      <Filter>System\Graphics</Filter>
    </ClInclude>
    <ClInclude Include="Systems\Graphics\Vertex.h">
      <Filter>System\Graphics</Filter>
    </ClInclude>
    <ClInclude Include="Systems\Graphics\Shaders.h">
      <Filter>System\Graphics</Filter>
    </ClInclude>
  </ItemGroup>
  <ItemGroup>
    <FxCompile Include="VertexShader.hlsl">
      <Filter>리소스 파일</Filter>
    </FxCompile>
  </ItemGroup>
</Project>